
Microsoft Visual Studio Solution File, Format Version 12.00
# Visual Studio Version 17
VisualStudioVersion = 17.8.34330.188
MinimumVisualStudioVersion = 10.0.40219.1
Project("{FAE04EC0-301F-11D3-BF4B-00C04F79EFBC}") = "MangaViewer_WPF", "MangaViewer_WPF.csproj", "{7330154F-240D-42AA-9AA3-E67D7E487CEF}"
EndProject
Global
	GlobalSection(SolutionConfigurationPlatforms) = preSolution
		Debug|Any CPU = Debug|Any CPU
		Release|Any CPU = Release|Any CPU
	EndGlobalSection
	GlobalSection(ProjectConfigurationPlatforms) = postSolution
		{7330154F-240D-42AA-9AA3-E67D7E487CEF}.Debug|Any CPU.ActiveCfg = Debug|Any CPU
		{7330154F-240D-42AA-9AA3-E67D7E487CEF}.Debug|Any CPU.Build.0 = Debug|Any CPU
		{7330154F-240D-42AA-9AA3-E67D7E487CEF}.Release|Any CPU.ActiveCfg = Release|Any CPU
		{7330154F-240D-42AA-9AA3-E67D7E487CEF}.Release|Any CPU.Build.0 = Release|Any CPU
	EndGlobalSection
	GlobalSection(SolutionProperties) = preSolution
		HideSolutionNode = FALSE
	EndGlobalSection
	GlobalSection(ExtensibilityGlobals) = postSolution
		SolutionGuid = {FEE5BBF1-847B-4360-AD4B-180DCC81E19D}
	EndGlobalSection
EndGlobal
